{
  "nodes": {
    "flake-utils": {
      "locked": {
        "lastModified": 1652776076,
        "narHash": "sha256-gzTw/v1vj4dOVbpBSJX4J0DwUR6LIyXo7/SuuTJp1kM=",
        "owner": "numtide",
        "repo": "flake-utils",
        "rev": "04c1b180862888302ddfb2e3ad9eaa63afc60cf8",
        "type": "github"
      },
      "original": {
        "owner": "numtide",
        "ref": "v1.0.0",
        "repo": "flake-utils",
        "type": "github"
      }
    },
    "nixpkgs": {
      "locked": {
        "lastModified": 1739333913,
        "narHash": "sha256-JXt5FtySR+yBm5ny8zG/hX1IybF/7R66jZfXxXSb6wY=",
        "owner": "nixos",
        "repo": "nixpkgs",
        "rev": "7d83f668aee9e41d574c398a9bb569047e8a3f5d",
        "type": "github"
      },
      "original": {
        "owner": "nixos",
        "ref": "release-24.11",
        "repo": "nixpkgs",
        "type": "github"
      }
    },
    "perch": {
      "inputs": {
        "flake-utils": "flake-utils",
        "nixpkgs": "nixpkgs"
      },
      "locked": {
        "lastModified": 1739602320,
        "narHash": "sha256-Oox00x55a0v6uq3oJASeNJKef6yln+be9a+bOhe1AX8=",
        "ref": "refs/heads/flake",
        "rev": "8dd55db047a1a87aeabe6e2a19f3e7d41537630e",
        "revCount": 36,
        "type": "git",
        "url": "file:///home/haras/repos/altibiz/perch"
      },
      "original": {
        "id": "perch",
        "type": "indirect"
      }
    },
    "root": {
      "inputs": {
        "perch": "perch"
      }
    }
  },
  "root": "root",
  "version": 7
}
